// !$*UTF8*$!
{
	archiveVersion = 1;
	classes = {
	};
	objectVersion = 56;
	objects = {

/* Begin PBXBuildFile section */
		7E03E48F2A3CD0A000AF1735 /* CSVDocument.swift in Sources */ = {isa = PBXBuildFile; fileRef = 7E03E48E2A3CD0A000AF1735 /* CSVDocument.swift */; };
		7E03E4922A3CDCF300AF1735 /* Constants.swift in Sources */ = {isa = PBXBuildFile; fileRef = 7E03E4912A3CDCF300AF1735 /* Constants.swift */; };
		7E03E4952A3CE97200AF1735 /* Lottie in Frameworks */ = {isa = PBXBuildFile; productRef = 7E03E4942A3CE97200AF1735 /* Lottie */; };
		7E03E4972A3CE99800AF1735 /* LottieView.swift in Sources */ = {isa = PBXBuildFile; fileRef = 7E03E4962A3CE99800AF1735 /* LottieView.swift */; };
		7E03E49A2A3CEB1A00AF1735 /* Empty.json in Resources */ = {isa = PBXBuildFile; fileRef = 7E03E4992A3CEB1A00AF1735 /* Empty.json */; };
		7E2CC6A32A3A3B0300299844 /* WeaponItemView.swift in Sources */ = {isa = PBXBuildFile; fileRef = 7E2CC6A22A3A3B0300299844 /* WeaponItemView.swift */; };
		7E3271DC2A397943005D3B39 /* Color+Extension.swift in Sources */ = {isa = PBXBuildFile; fileRef = 7E3271DB2A397943005D3B39 /* Color+Extension.swift */; };
		7E3271E12A39865C005D3B39 /* AddWeaponViewModel.swift in Sources */ = {isa = PBXBuildFile; fileRef = 7E3271E02A39865C005D3B39 /* AddWeaponViewModel.swift */; };
		7E3271E42A39A1C4005D3B39 /* WeaponViewModel.swift in Sources */ = {isa = PBXBuildFile; fileRef = 7E3271E32A39A1C4005D3B39 /* WeaponViewModel.swift */; };
		7E46A5642A372D4C008BBE48 /* AddWeaponView.swift in Sources */ = {isa = PBXBuildFile; fileRef = 7E46A5632A372D4C008BBE48 /* AddWeaponView.swift */; };
		7E46A5672A373D18008BBE48 /* ImagePicker.swift in Sources */ = {isa = PBXBuildFile; fileRef = 7E46A5662A373D18008BBE48 /* ImagePicker.swift */; };
		7E46A56D2A377405008BBE48 /* WeaponEntity.swift in Sources */ = {isa = PBXBuildFile; fileRef = 7E46A56C2A377405008BBE48 /* WeaponEntity.swift */; };
		7E46A56F2A37748D008BBE48 /* DatabaseManager.swift in Sources */ = {isa = PBXBuildFile; fileRef = 7E46A56E2A37748D008BBE48 /* DatabaseManager.swift */; };
		7E660F842A3834360035BC99 /* AccessoryEntity.swift in Sources */ = {isa = PBXBuildFile; fileRef = 7E660F832A3834360035BC99 /* AccessoryEntity.swift */; };
		7E660F872A384F3F0035BC99 /* View+Extension.swift in Sources */ = {isa = PBXBuildFile; fileRef = 7E660F862A384F3E0035BC99 /* View+Extension.swift */; };
		7E660F892A3851890035BC99 /* CustomTextField.swift in Sources */ = {isa = PBXBuildFile; fileRef = 7E660F882A3851890035BC99 /* CustomTextField.swift */; };
		7E660F8B2A3854180035BC99 /* CustomSegmentedControl.swift in Sources */ = {isa = PBXBuildFile; fileRef = 7E660F8A2A3854180035BC99 /* CustomSegmentedControl.swift */; };
		7E660F8D2A3858170035BC99 /* CustomMenuPicker.swift in Sources */ = {isa = PBXBuildFile; fileRef = 7E660F8C2A3858170035BC99 /* CustomMenuPicker.swift */; };
		7EBC81FB2A3D93090058908F /* AddAccessoryView.swift in Sources */ = {isa = PBXBuildFile; fileRef = 7EBC81FA2A3D93090058908F /* AddAccessoryView.swift */; };
		7EBC81FD2A3D93290058908F /* AddAccessoryViewModel.swift in Sources */ = {isa = PBXBuildFile; fileRef = 7EBC81FC2A3D93290058908F /* AddAccessoryViewModel.swift */; };
		7EBC82002A3D95160058908F /* AccessoryView.swift in Sources */ = {isa = PBXBuildFile; fileRef = 7EBC81FF2A3D95160058908F /* AccessoryView.swift */; };
		7EBC82022A3D952A0058908F /* AccessoryViewModel.swift in Sources */ = {isa = PBXBuildFile; fileRef = 7EBC82012A3D952A0058908F /* AccessoryViewModel.swift */; };
		7EBC82042A3D95440058908F /* AccessoryItemView.swift in Sources */ = {isa = PBXBuildFile; fileRef = 7EBC82032A3D95440058908F /* AccessoryItemView.swift */; };
		7EBC82062A3D95E30058908F /* Accessory.swift in Sources */ = {isa = PBXBuildFile; fileRef = 7EBC82052A3D95E30058908F /* Accessory.swift */; };
		7EBC82092A3DA1D80058908F /* DetailAccessoryView.swift in Sources */ = {isa = PBXBuildFile; fileRef = 7EBC82082A3DA1D80058908F /* DetailAccessoryView.swift */; };
		7EBC820B2A3DA1EA0058908F /* DetailAccessoryViewModel.swift in Sources */ = {isa = PBXBuildFile; fileRef = 7EBC820A2A3DA1EA0058908F /* DetailAccessoryViewModel.swift */; };
		7EBC820D2A3DAD410058908F /* Helper.swift in Sources */ = {isa = PBXBuildFile; fileRef = 7EBC820C2A3DAD410058908F /* Helper.swift */; };
		7ECF77A52A3B42B600334CC0 /* Weapon.swift in Sources */ = {isa = PBXBuildFile; fileRef = 7ECF77A42A3B42B600334CC0 /* Weapon.swift */; };
		7ECF77A82A3B602000334CC0 /* DetailWeaponView.swift in Sources */ = {isa = PBXBuildFile; fileRef = 7ECF77A72A3B602000334CC0 /* DetailWeaponView.swift */; };
		7ECF77AA2A3B687300334CC0 /* DetailWeaponViewModel.swift in Sources */ = {isa = PBXBuildFile; fileRef = 7ECF77A92A3B687300334CC0 /* DetailWeaponViewModel.swift */; };
		7EF07C5D2A27C87700C5495D /* e_weaponApp.swift in Sources */ = {isa = PBXBuildFile; fileRef = 7EF07C5C2A27C87700C5495D /* e_weaponApp.swift */; };
		7EF07C612A27C87B00C5495D /* Assets.xcassets in Resources */ = {isa = PBXBuildFile; fileRef = 7EF07C602A27C87B00C5495D /* Assets.xcassets */; };
		7EF07C642A27C87B00C5495D /* Preview Assets.xcassets in Resources */ = {isa = PBXBuildFile; fileRef = 7EF07C632A27C87B00C5495D /* Preview Assets.xcassets */; };
		7EF07C6B2A36FC7500C5495D /* MainView.swift in Sources */ = {isa = PBXBuildFile; fileRef = 7EF07C6A2A36FC7500C5495D /* MainView.swift */; };
		7EF07C6D2A36FD5100C5495D /* WeaponView.swift in Sources */ = {isa = PBXBuildFile; fileRef = 7EF07C6C2A36FD5100C5495D /* WeaponView.swift */; };
		7EF07C712A36FDE600C5495D /* SettingsView.swift in Sources */ = {isa = PBXBuildFile; fileRef = 7EF07C702A36FDE600C5495D /* SettingsView.swift */; };
		7EF07C742A36FE7400C5495D /* Realm in Frameworks */ = {isa = PBXBuildFile; productRef = 7EF07C732A36FE7400C5495D /* Realm */; };
		7EF07C762A36FE7400C5495D /* RealmSwift in Frameworks */ = {isa = PBXBuildFile; productRef = 7EF07C752A36FE7400C5495D /* RealmSwift */; };
/* End PBXBuildFile section */

/* Begin PBXFileReference section */
		7E03E48E2A3CD0A000AF1735 /* CSVDocument.swift */ = {isa = PBXFileReference; lastKnownFileType = sourcecode.swift; path = CSVDocument.swift; sourceTree = "<group>"; };
		7E03E4912A3CDCF300AF1735 /* Constants.swift */ = {isa = PBXFileReference; lastKnownFileType = sourcecode.swift; path = Constants.swift; sourceTree = "<group>"; };
		7E03E4962A3CE99800AF1735 /* LottieView.swift */ = {isa = PBXFileReference; lastKnownFileType = sourcecode.swift; path = LottieView.swift; sourceTree = "<group>"; };
		7E03E4992A3CEB1A00AF1735 /* Empty.json */ = {isa = PBXFileReference; fileEncoding = 4; lastKnownFileType = text.json; path = Empty.json; sourceTree = "<group>"; };
		7E2CC6A22A3A3B0300299844 /* WeaponItemView.swift */ = {isa = PBXFileReference; lastKnownFileType = sourcecode.swift; path = WeaponItemView.swift; sourceTree = "<group>"; };
		7E3271DB2A397943005D3B39 /* Color+Extension.swift */ = {isa = PBXFileReference; lastKnownFileType = sourcecode.swift; path = "Color+Extension.swift"; sourceTree = "<group>"; };
		7E3271E02A39865C005D3B39 /* AddWeaponViewModel.swift */ = {isa = PBXFileReference; lastKnownFileType = sourcecode.swift; path = AddWeaponViewModel.swift; sourceTree = "<group>"; };
		7E3271E32A39A1C4005D3B39 /* WeaponViewModel.swift */ = {isa = PBXFileReference; lastKnownFileType = sourcecode.swift; path = WeaponViewModel.swift; sourceTree = "<group>"; };
		7E46A5632A372D4C008BBE48 /* AddWeaponView.swift */ = {isa = PBXFileReference; lastKnownFileType = sourcecode.swift; path = AddWeaponView.swift; sourceTree = "<group>"; };
		7E46A5662A373D18008BBE48 /* ImagePicker.swift */ = {isa = PBXFileReference; lastKnownFileType = sourcecode.swift; path = ImagePicker.swift; sourceTree = "<group>"; };
		7E46A56C2A377405008BBE48 /* WeaponEntity.swift */ = {isa = PBXFileReference; lastKnownFileType = sourcecode.swift; path = WeaponEntity.swift; sourceTree = "<group>"; };
		7E46A56E2A37748D008BBE48 /* DatabaseManager.swift */ = {isa = PBXFileReference; lastKnownFileType = sourcecode.swift; path = DatabaseManager.swift; sourceTree = "<group>"; };
		7E660F832A3834360035BC99 /* AccessoryEntity.swift */ = {isa = PBXFileReference; lastKnownFileType = sourcecode.swift; path = AccessoryEntity.swift; sourceTree = "<group>"; };
		7E660F862A384F3E0035BC99 /* View+Extension.swift */ = {isa = PBXFileReference; lastKnownFileType = sourcecode.swift; path = "View+Extension.swift"; sourceTree = "<group>"; };
		7E660F882A3851890035BC99 /* CustomTextField.swift */ = {isa = PBXFileReference; lastKnownFileType = sourcecode.swift; path = CustomTextField.swift; sourceTree = "<group>"; };
		7E660F8A2A3854180035BC99 /* CustomSegmentedControl.swift */ = {isa = PBXFileReference; lastKnownFileType = sourcecode.swift; path = CustomSegmentedControl.swift; sourceTree = "<group>"; };
		7E660F8C2A3858170035BC99 /* CustomMenuPicker.swift */ = {isa = PBXFileReference; lastKnownFileType = sourcecode.swift; path = CustomMenuPicker.swift; sourceTree = "<group>"; };
		7EBC81FA2A3D93090058908F /* AddAccessoryView.swift */ = {isa = PBXFileReference; lastKnownFileType = sourcecode.swift; path = AddAccessoryView.swift; sourceTree = "<group>"; };
		7EBC81FC2A3D93290058908F /* AddAccessoryViewModel.swift */ = {isa = PBXFileReference; lastKnownFileType = sourcecode.swift; path = AddAccessoryViewModel.swift; sourceTree = "<group>"; };
		7EBC81FF2A3D95160058908F /* AccessoryView.swift */ = {isa = PBXFileReference; lastKnownFileType = sourcecode.swift; path = AccessoryView.swift; sourceTree = "<group>"; };
		7EBC82012A3D952A0058908F /* AccessoryViewModel.swift */ = {isa = PBXFileReference; lastKnownFileType = sourcecode.swift; path = AccessoryViewModel.swift; sourceTree = "<group>"; };
		7EBC82032A3D95440058908F /* AccessoryItemView.swift */ = {isa = PBXFileReference; lastKnownFileType = sourcecode.swift; path = AccessoryItemView.swift; sourceTree = "<group>"; };
		7EBC82052A3D95E30058908F /* Accessory.swift */ = {isa = PBXFileReference; lastKnownFileType = sourcecode.swift; path = Accessory.swift; sourceTree = "<group>"; };
		7EBC82082A3DA1D80058908F /* DetailAccessoryView.swift */ = {isa = PBXFileReference; lastKnownFileType = sourcecode.swift; path = DetailAccessoryView.swift; sourceTree = "<group>"; };
		7EBC820A2A3DA1EA0058908F /* DetailAccessoryViewModel.swift */ = {isa = PBXFileReference; lastKnownFileType = sourcecode.swift; path = DetailAccessoryViewModel.swift; sourceTree = "<group>"; };
		7EBC820C2A3DAD410058908F /* Helper.swift */ = {isa = PBXFileReference; lastKnownFileType = sourcecode.swift; path = Helper.swift; sourceTree = "<group>"; };
		7ECF77A42A3B42B600334CC0 /* Weapon.swift */ = {isa = PBXFileReference; lastKnownFileType = sourcecode.swift; path = Weapon.swift; sourceTree = "<group>"; };
		7ECF77A72A3B602000334CC0 /* DetailWeaponView.swift */ = {isa = PBXFileReference; lastKnownFileType = sourcecode.swift; path = DetailWeaponView.swift; sourceTree = "<group>"; };
		7ECF77A92A3B687300334CC0 /* DetailWeaponViewModel.swift */ = {isa = PBXFileReference; lastKnownFileType = sourcecode.swift; path = DetailWeaponViewModel.swift; sourceTree = "<group>"; };
		7EF07C592A27C87700C5495D /* e-weapon.app */ = {isa = PBXFileReference; explicitFileType = wrapper.application; includeInIndex = 0; path = "e-weapon.app"; sourceTree = BUILT_PRODUCTS_DIR; };
		7EF07C5C2A27C87700C5495D /* e_weaponApp.swift */ = {isa = PBXFileReference; lastKnownFileType = sourcecode.swift; path = e_weaponApp.swift; sourceTree = "<group>"; };
		7EF07C602A27C87B00C5495D /* Assets.xcassets */ = {isa = PBXFileReference; lastKnownFileType = folder.assetcatalog; path = Assets.xcassets; sourceTree = "<group>"; };
		7EF07C632A27C87B00C5495D /* Preview Assets.xcassets */ = {isa = PBXFileReference; lastKnownFileType = folder.assetcatalog; path = "Preview Assets.xcassets"; sourceTree = "<group>"; };
		7EF07C6A2A36FC7500C5495D /* MainView.swift */ = {isa = PBXFileReference; lastKnownFileType = sourcecode.swift; path = MainView.swift; sourceTree = "<group>"; };
		7EF07C6C2A36FD5100C5495D /* WeaponView.swift */ = {isa = PBXFileReference; lastKnownFileType = sourcecode.swift; path = WeaponView.swift; sourceTree = "<group>"; };
		7EF07C702A36FDE600C5495D /* SettingsView.swift */ = {isa = PBXFileReference; lastKnownFileType = sourcecode.swift; path = SettingsView.swift; sourceTree = "<group>"; };
/* End PBXFileReference section */

/* Begin PBXFrameworksBuildPhase section */
		7EF07C562A27C87700C5495D /* Frameworks */ = {
			isa = PBXFrameworksBuildPhase;
			buildActionMask = 2147483647;
			files = (
				7EF07C762A36FE7400C5495D /* RealmSwift in Frameworks */,
				7EF07C742A36FE7400C5495D /* Realm in Frameworks */,
				7E03E4952A3CE97200AF1735 /* Lottie in Frameworks */,
			);
			runOnlyForDeploymentPostprocessing = 0;
		};
/* End PBXFrameworksBuildPhase section */

/* Begin PBXGroup section */
		7E03E4902A3CDCE500AF1735 /* Utils */ = {
			isa = PBXGroup;
			children = (
				7E03E4912A3CDCF300AF1735 /* Constants.swift */,
				7EBC820C2A3DAD410058908F /* Helper.swift */,
			);
			path = Utils;
			sourceTree = "<group>";
		};
		7E03E4982A3CEAEA00AF1735 /* Lottie Asset */ = {
			isa = PBXGroup;
			children = (
				7E03E4992A3CEB1A00AF1735 /* Empty.json */,
			);
			path = "Lottie Asset";
			sourceTree = "<group>";
		};
		7E3271DD2A398639005D3B39 /* Page */ = {
			isa = PBXGroup;
			children = (
				7EBC82072A3DA1520058908F /* DetailAccessory */,
				7EBC81FE2A3D95000058908F /* AccessoryList */,
				7EBC81F92A3D92EA0058908F /* AddAccessory */,
				7ECF77A62A3B601400334CC0 /* DetailWeapon */,
				7E3271E22A39A07E005D3B39 /* WeaponList */,
				7E3271DE2A398642005D3B39 /* AddWeapon */,
			);
			path = Page;
			sourceTree = "<group>";
		};
		7E3271DE2A398642005D3B39 /* AddWeapon */ = {
			isa = PBXGroup;
			children = (
				7E46A5632A372D4C008BBE48 /* AddWeaponView.swift */,
				7E3271E02A39865C005D3B39 /* AddWeaponViewModel.swift */,
			);
			path = AddWeapon;
			sourceTree = "<group>";
		};
		7E3271E22A39A07E005D3B39 /* WeaponList */ = {
			isa = PBXGroup;
			children = (
				7EF07C6C2A36FD5100C5495D /* WeaponView.swift */,
				7E3271E32A39A1C4005D3B39 /* WeaponViewModel.swift */,
				7E2CC6A22A3A3B0300299844 /* WeaponItemView.swift */,
			);
			path = WeaponList;
			sourceTree = "<group>";
		};
		7E46A5652A373D09008BBE48 /* Custom View */ = {
			isa = PBXGroup;
			children = (
				7E46A5662A373D18008BBE48 /* ImagePicker.swift */,
				7E660F882A3851890035BC99 /* CustomTextField.swift */,
				7E660F8A2A3854180035BC99 /* CustomSegmentedControl.swift */,
				7E660F8C2A3858170035BC99 /* CustomMenuPicker.swift */,
				7E03E4962A3CE99800AF1735 /* LottieView.swift */,
			);
			path = "Custom View";
			sourceTree = "<group>";
		};
		7E46A56A2A3773DB008BBE48 /* Local */ = {
			isa = PBXGroup;
			children = (
				7E46A56B2A3773E5008BBE48 /* Entity */,
				7E46A56E2A37748D008BBE48 /* DatabaseManager.swift */,
			);
			path = Local;
			sourceTree = "<group>";
		};
		7E46A56B2A3773E5008BBE48 /* Entity */ = {
			isa = PBXGroup;
			children = (
				7E46A56C2A377405008BBE48 /* WeaponEntity.swift */,
				7E660F832A3834360035BC99 /* AccessoryEntity.swift */,
			);
			path = Entity;
			sourceTree = "<group>";
		};
		7E660F852A384F310035BC99 /* Extension */ = {
			isa = PBXGroup;
			children = (
				7E660F862A384F3E0035BC99 /* View+Extension.swift */,
				7E3271DB2A397943005D3B39 /* Color+Extension.swift */,
			);
			path = Extension;
			sourceTree = "<group>";
		};
		7EBC81F92A3D92EA0058908F /* AddAccessory */ = {
			isa = PBXGroup;
			children = (
				7EBC81FA2A3D93090058908F /* AddAccessoryView.swift */,
				7EBC81FC2A3D93290058908F /* AddAccessoryViewModel.swift */,
			);
			path = AddAccessory;
			sourceTree = "<group>";
		};
		7EBC81FE2A3D95000058908F /* AccessoryList */ = {
			isa = PBXGroup;
			children = (
				7EBC81FF2A3D95160058908F /* AccessoryView.swift */,
				7EBC82012A3D952A0058908F /* AccessoryViewModel.swift */,
				7EBC82032A3D95440058908F /* AccessoryItemView.swift */,
			);
			path = AccessoryList;
			sourceTree = "<group>";
		};
		7EBC82072A3DA1520058908F /* DetailAccessory */ = {
			isa = PBXGroup;
			children = (
				7EBC82082A3DA1D80058908F /* DetailAccessoryView.swift */,
				7EBC820A2A3DA1EA0058908F /* DetailAccessoryViewModel.swift */,
			);
			path = DetailAccessory;
			sourceTree = "<group>";
		};
		7ECF77A32A3B429D00334CC0 /* Model */ = {
			isa = PBXGroup;
			children = (
				7ECF77A42A3B42B600334CC0 /* Weapon.swift */,
				7E03E48E2A3CD0A000AF1735 /* CSVDocument.swift */,
				7EBC82052A3D95E30058908F /* Accessory.swift */,
			);
			path = Model;
			sourceTree = "<group>";
		};
		7ECF77A62A3B601400334CC0 /* DetailWeapon */ = {
			isa = PBXGroup;
			children = (
				7ECF77A72A3B602000334CC0 /* DetailWeaponView.swift */,
				7ECF77A92A3B687300334CC0 /* DetailWeaponViewModel.swift */,
			);
			path = DetailWeapon;
			sourceTree = "<group>";
		};
		7EF07C502A27C87600C5495D = {
			isa = PBXGroup;
			children = (
				7EF07C5B2A27C87700C5495D /* e-weapon */,
				7EF07C5A2A27C87700C5495D /* Products */,
			);
			sourceTree = "<group>";
		};
		7EF07C5A2A27C87700C5495D /* Products */ = {
			isa = PBXGroup;
			children = (
				7EF07C592A27C87700C5495D /* e-weapon.app */,
			);
			name = Products;
			sourceTree = "<group>";
		};
		7EF07C5B2A27C87700C5495D /* e-weapon */ = {
			isa = PBXGroup;
			children = (
				7E03E4982A3CEAEA00AF1735 /* Lottie Asset */,
				7E03E4902A3CDCE500AF1735 /* Utils */,
				7ECF77A32A3B429D00334CC0 /* Model */,
				7E3271DD2A398639005D3B39 /* Page */,
				7E660F852A384F310035BC99 /* Extension */,
				7E46A56A2A3773DB008BBE48 /* Local */,
				7E46A5652A373D09008BBE48 /* Custom View */,
				7EF07C5C2A27C87700C5495D /* e_weaponApp.swift */,
				7EF07C6A2A36FC7500C5495D /* MainView.swift */,
				7EF07C602A27C87B00C5495D /* Assets.xcassets */,
				7EF07C622A27C87B00C5495D /* Preview Content */,
				7EF07C702A36FDE600C5495D /* SettingsView.swift */,
			);
			path = "e-weapon";
			sourceTree = "<group>";
		};
		7EF07C622A27C87B00C5495D /* Preview Content */ = {
			isa = PBXGroup;
			children = (
				7EF07C632A27C87B00C5495D /* Preview Assets.xcassets */,
			);
			path = "Preview Content";
			sourceTree = "<group>";
		};
/* End PBXGroup section */

/* Begin PBXNativeTarget section */
		7EF07C582A27C87700C5495D /* e-weapon */ = {
			isa = PBXNativeTarget;
			buildConfigurationList = 7EF07C672A27C87B00C5495D /* Build configuration list for PBXNativeTarget "e-weapon" */;
			buildPhases = (
				7EF07C552A27C87700C5495D /* Sources */,
				7EF07C562A27C87700C5495D /* Frameworks */,
				7EF07C572A27C87700C5495D /* Resources */,
			);
			buildRules = (
			);
			dependencies = (
			);
			name = "e-weapon";
			packageProductDependencies = (
				7EF07C732A36FE7400C5495D /* Realm */,
				7EF07C752A36FE7400C5495D /* RealmSwift */,
				7E03E4942A3CE97200AF1735 /* Lottie */,
			);
			productName = "e-weapon";
			productReference = 7EF07C592A27C87700C5495D /* e-weapon.app */;
			productType = "com.apple.product-type.application";
		};
/* End PBXNativeTarget section */

/* Begin PBXProject section */
		7EF07C512A27C87600C5495D /* Project object */ = {
			isa = PBXProject;
			attributes = {
				BuildIndependentTargetsInParallel = 1;
				LastSwiftUpdateCheck = 1430;
				LastUpgradeCheck = 1430;
				TargetAttributes = {
					7EF07C582A27C87700C5495D = {
						CreatedOnToolsVersion = 14.3.1;
					};
				};
			};
			buildConfigurationList = 7EF07C542A27C87600C5495D /* Build configuration list for PBXProject "e-weapon" */;
			compatibilityVersion = "Xcode 14.0";
			developmentRegion = en;
			hasScannedForEncodings = 0;
			knownRegions = (
				en,
				Base,
			);
			mainGroup = 7EF07C502A27C87600C5495D;
			packageReferences = (
				7EF07C722A36FE7400C5495D /* XCRemoteSwiftPackageReference "realm-cocoa" */,
				7E03E4932A3CE97200AF1735 /* XCRemoteSwiftPackageReference "lottie-spm" */,
			);
			productRefGroup = 7EF07C5A2A27C87700C5495D /* Products */;
			projectDirPath = "";
			projectRoot = "";
			targets = (
				7EF07C582A27C87700C5495D /* e-weapon */,
			);
		};
/* End PBXProject section */

/* Begin PBXResourcesBuildPhase section */
		7EF07C572A27C87700C5495D /* Resources */ = {
			isa = PBXResourcesBuildPhase;
			buildActionMask = 2147483647;
			files = (
				7EF07C642A27C87B00C5495D /* Preview Assets.xcassets in Resources */,
				7EF07C612A27C87B00C5495D /* Assets.xcassets in Resources */,
				7E03E49A2A3CEB1A00AF1735 /* Empty.json in Resources */,
			);
			runOnlyForDeploymentPostprocessing = 0;
		};
/* End PBXResourcesBuildPhase section */

/* Begin PBXSourcesBuildPhase section */
		7EF07C552A27C87700C5495D /* Sources */ = {
			isa = PBXSourcesBuildPhase;
			buildActionMask = 2147483647;
			files = (
				7EF07C6D2A36FD5100C5495D /* WeaponView.swift in Sources */,
				7E2CC6A32A3A3B0300299844 /* WeaponItemView.swift in Sources */,
				7E3271DC2A397943005D3B39 /* Color+Extension.swift in Sources */,
				7ECF77A82A3B602000334CC0 /* DetailWeaponView.swift in Sources */,
				7EBC820B2A3DA1EA0058908F /* DetailAccessoryViewModel.swift in Sources */,
				7E3271E12A39865C005D3B39 /* AddWeaponViewModel.swift in Sources */,
				7E03E48F2A3CD0A000AF1735 /* CSVDocument.swift in Sources */,
				7EBC820D2A3DAD410058908F /* Helper.swift in Sources */,
				7E03E4922A3CDCF300AF1735 /* Constants.swift in Sources */,
				7E46A5642A372D4C008BBE48 /* AddWeaponView.swift in Sources */,
				7EF07C6B2A36FC7500C5495D /* MainView.swift in Sources */,
				7E46A5672A373D18008BBE48 /* ImagePicker.swift in Sources */,
				7E46A56D2A377405008BBE48 /* WeaponEntity.swift in Sources */,
				7EF07C712A36FDE600C5495D /* SettingsView.swift in Sources */,
				7EBC82062A3D95E30058908F /* Accessory.swift in Sources */,
				7EBC82002A3D95160058908F /* AccessoryView.swift in Sources */,
				7ECF77A52A3B42B600334CC0 /* Weapon.swift in Sources */,
				7E660F872A384F3F0035BC99 /* View+Extension.swift in Sources */,
				7EBC81FD2A3D93290058908F /* AddAccessoryViewModel.swift in Sources */,
				7E660F8B2A3854180035BC99 /* CustomSegmentedControl.swift in Sources */,
				7E660F892A3851890035BC99 /* CustomTextField.swift in Sources */,
				7EBC82022A3D952A0058908F /* AccessoryViewModel.swift in Sources */,
				7ECF77AA2A3B687300334CC0 /* DetailWeaponViewModel.swift in Sources */,
				7E660F842A3834360035BC99 /* AccessoryEntity.swift in Sources */,
				7EBC82042A3D95440058908F /* AccessoryItemView.swift in Sources */,
				7E3271E42A39A1C4005D3B39 /* WeaponViewModel.swift in Sources */,
				7EBC82092A3DA1D80058908F /* DetailAccessoryView.swift in Sources */,
				7E660F8D2A3858170035BC99 /* CustomMenuPicker.swift in Sources */,
				7EF07C5D2A27C87700C5495D /* e_weaponApp.swift in Sources */,
				7E46A56F2A37748D008BBE48 /* DatabaseManager.swift in Sources */,
				7EBC81FB2A3D93090058908F /* AddAccessoryView.swift in Sources */,
				7E03E4972A3CE99800AF1735 /* LottieView.swift in Sources */,
			);
			runOnlyForDeploymentPostprocessing = 0;
		};
/* End PBXSourcesBuildPhase section */

/* Begin XCBuildConfiguration section */
		7EF07C652A27C87B00C5495D /* Debug */ = {
			isa = XCBuildConfiguration;
			buildSettings = {
				ALWAYS_SEARCH_USER_PATHS = NO;
				CLANG_ANALYZER_NONNULL = YES;
				CLANG_ANALYZER_NUMBER_OBJECT_CONVERSION = YES_AGGRESSIVE;
				CLANG_CXX_LANGUAGE_STANDARD = "gnu++20";
				CLANG_ENABLE_MODULES = YES;
				CLANG_ENABLE_OBJC_ARC = YES;
				CLANG_ENABLE_OBJC_WEAK = YES;
				CLANG_WARN_BLOCK_CAPTURE_AUTORELEASING = YES;
				CLANG_WARN_BOOL_CONVERSION = YES;
				CLANG_WARN_COMMA = YES;
				CLANG_WARN_CONSTANT_CONVERSION = YES;
				CLANG_WARN_DEPRECATED_OBJC_IMPLEMENTATIONS = YES;
				CLANG_WARN_DIRECT_OBJC_ISA_USAGE = YES_ERROR;
				CLANG_WARN_DOCUMENTATION_COMMENTS = YES;
				CLANG_WARN_EMPTY_BODY = YES;
				CLANG_WARN_ENUM_CONVERSION = YES;
				CLANG_WARN_INFINITE_RECURSION = YES;
				CLANG_WARN_INT_CONVERSION = YES;
				CLANG_WARN_NON_LITERAL_NULL_CONVERSION = YES;
				CLANG_WARN_OBJC_IMPLICIT_RETAIN_SELF = YES;
				CLANG_WARN_OBJC_LITERAL_CONVERSION = YES;
				CLANG_WARN_OBJC_ROOT_CLASS = YES_ERROR;
				CLANG_WARN_QUOTED_INCLUDE_IN_FRAMEWORK_HEADER = YES;
				CLANG_WARN_RANGE_LOOP_ANALYSIS = YES;
				CLANG_WARN_STRICT_PROTOTYPES = YES;
				CLANG_WARN_SUSPICIOUS_MOVE = YES;
				CLANG_WARN_UNGUARDED_AVAILABILITY = YES_AGGRESSIVE;
				CLANG_WARN_UNREACHABLE_CODE = YES;
				CLANG_WARN__DUPLICATE_METHOD_MATCH = YES;
				COPY_PHASE_STRIP = NO;
				DEBUG_INFORMATION_FORMAT = dwarf;
				ENABLE_STRICT_OBJC_MSGSEND = YES;
				ENABLE_TESTABILITY = YES;
				GCC_C_LANGUAGE_STANDARD = gnu11;
				GCC_DYNAMIC_NO_PIC = NO;
				GCC_NO_COMMON_BLOCKS = YES;
				GCC_OPTIMIZATION_LEVEL = 0;
				GCC_PREPROCESSOR_DEFINITIONS = (
					"DEBUG=1",
					"$(inherited)",
				);
				GCC_WARN_64_TO_32_BIT_CONVERSION = YES;
				GCC_WARN_ABOUT_RETURN_TYPE = YES_ERROR;
				GCC_WARN_UNDECLARED_SELECTOR = YES;
				GCC_WARN_UNINITIALIZED_AUTOS = YES_AGGRESSIVE;
				GCC_WARN_UNUSED_FUNCTION = YES;
				GCC_WARN_UNUSED_VARIABLE = YES;
				IPHONEOS_DEPLOYMENT_TARGET = 16.4;
				MTL_ENABLE_DEBUG_INFO = INCLUDE_SOURCE;
				MTL_FAST_MATH = YES;
				ONLY_ACTIVE_ARCH = YES;
				SDKROOT = iphoneos;
				SWIFT_ACTIVE_COMPILATION_CONDITIONS = DEBUG;
				SWIFT_OPTIMIZATION_LEVEL = "-Onone";
			};
			name = Debug;
		};
		7EF07C662A27C87B00C5495D /* Release */ = {
			isa = XCBuildConfiguration;
			buildSettings = {
				ALWAYS_SEARCH_USER_PATHS = NO;
				CLANG_ANALYZER_NONNULL = YES;
				CLANG_ANALYZER_NUMBER_OBJECT_CONVERSION = YES_AGGRESSIVE;
				CLANG_CXX_LANGUAGE_STANDARD = "gnu++20";
				CLANG_ENABLE_MODULES = YES;
				CLANG_ENABLE_OBJC_ARC = YES;
				CLANG_ENABLE_OBJC_WEAK = YES;
				CLANG_WARN_BLOCK_CAPTURE_AUTORELEASING = YES;
				CLANG_WARN_BOOL_CONVERSION = YES;
				CLANG_WARN_COMMA = YES;
				CLANG_WARN_CONSTANT_CONVERSION = YES;
				CLANG_WARN_DEPRECATED_OBJC_IMPLEMENTATIONS = YES;
				CLANG_WARN_DIRECT_OBJC_ISA_USAGE = YES_ERROR;
				CLANG_WARN_DOCUMENTATION_COMMENTS = YES;
				CLANG_WARN_EMPTY_BODY = YES;
				CLANG_WARN_ENUM_CONVERSION = YES;
				CLANG_WARN_INFINITE_RECURSION = YES;
				CLANG_WARN_INT_CONVERSION = YES;
				CLANG_WARN_NON_LITERAL_NULL_CONVERSION = YES;
				CLANG_WARN_OBJC_IMPLICIT_RETAIN_SELF = YES;
				CLANG_WARN_OBJC_LITERAL_CONVERSION = YES;
				CLANG_WARN_OBJC_ROOT_CLASS = YES_ERROR;
				CLANG_WARN_QUOTED_INCLUDE_IN_FRAMEWORK_HEADER = YES;
				CLANG_WARN_RANGE_LOOP_ANALYSIS = YES;
				CLANG_WARN_STRICT_PROTOTYPES = YES;
				CLANG_WARN_SUSPICIOUS_MOVE = YES;
				CLANG_WARN_UNGUARDED_AVAILABILITY = YES_AGGRESSIVE;
				CLANG_WARN_UNREACHABLE_CODE = YES;
				CLANG_WARN__DUPLICATE_METHOD_MATCH = YES;
				COPY_PHASE_STRIP = NO;
				DEBUG_INFORMATION_FORMAT = "dwarf-with-dsym";
				ENABLE_NS_ASSERTIONS = NO;
				ENABLE_STRICT_OBJC_MSGSEND = YES;
				GCC_C_LANGUAGE_STANDARD = gnu11;
				GCC_NO_COMMON_BLOCKS = YES;
				GCC_WARN_64_TO_32_BIT_CONVERSION = YES;
				GCC_WARN_ABOUT_RETURN_TYPE = YES_ERROR;
				GCC_WARN_UNDECLARED_SELECTOR = YES;
				GCC_WARN_UNINITIALIZED_AUTOS = YES_AGGRESSIVE;
				GCC_WARN_UNUSED_FUNCTION = YES;
				GCC_WARN_UNUSED_VARIABLE = YES;
				IPHONEOS_DEPLOYMENT_TARGET = 16.4;
				MTL_ENABLE_DEBUG_INFO = NO;
				MTL_FAST_MATH = YES;
				SDKROOT = iphoneos;
				SWIFT_COMPILATION_MODE = wholemodule;
				SWIFT_OPTIMIZATION_LEVEL = "-O";
				VALIDATE_PRODUCT = YES;
			};
			name = Release;
		};
		7EF07C682A27C87B00C5495D /* Debug */ = {
			isa = XCBuildConfiguration;
			buildSettings = {
				ASSETCATALOG_COMPILER_APPICON_NAME = AppIcon;
				ASSETCATALOG_COMPILER_GLOBAL_ACCENT_COLOR_NAME = AccentColor;
				CODE_SIGN_STYLE = Automatic;
				CURRENT_PROJECT_VERSION = 1;
				DEVELOPMENT_ASSET_PATHS = "\"e-weapon/Preview Content\"";
				DEVELOPMENT_TEAM = 3F8C4P2T95;
				ENABLE_PREVIEWS = YES;
				GENERATE_INFOPLIST_FILE = YES;
				INFOPLIST_KEY_UIApplicationSceneManifest_Generation = YES;
				INFOPLIST_KEY_UIApplicationSupportsIndirectInputEvents = YES;
				INFOPLIST_KEY_UILaunchScreen_Generation = YES;
				INFOPLIST_KEY_UISupportedInterfaceOrientations_iPad = "UIInterfaceOrientationPortrait UIInterfaceOrientationPortraitUpsideDown UIInterfaceOrientationLandscapeLeft UIInterfaceOrientationLandscapeRight";
				INFOPLIST_KEY_UISupportedInterfaceOrientations_iPhone = "UIInterfaceOrientationPortrait UIInterfaceOrientationLandscapeLeft UIInterfaceOrientationLandscapeRight";
				LD_RUNPATH_SEARCH_PATHS = (
					"$(inherited)",
					"@executable_path/Frameworks",
				);
				MARKETING_VERSION = 1.0;
				PRODUCT_BUNDLE_IDENTIFIER = "com.e-weapon";
				PRODUCT_NAME = "$(TARGET_NAME)";
				SWIFT_EMIT_LOC_STRINGS = YES;
				SWIFT_VERSION = 5.0;
				TARGETED_DEVICE_FAMILY = "1,2";
			};
			name = Debug;
		};
		7EF07C692A27C87B00C5495D /* Release */ = {
			isa = XCBuildConfiguration;
			buildSettings = {
				ASSETCATALOG_COMPILER_APPICON_NAME = AppIcon;
				ASSETCATALOG_COMPILER_GLOBAL_ACCENT_COLOR_NAME = AccentColor;
				CODE_SIGN_STYLE = Automatic;
				CURRENT_PROJECT_VERSION = 1;
				DEVELOPMENT_ASSET_PATHS = "\"e-weapon/Preview Content\"";
				DEVELOPMENT_TEAM = 3F8C4P2T95;
				ENABLE_PREVIEWS = YES;
				GENERATE_INFOPLIST_FILE = YES;
				INFOPLIST_KEY_UIApplicationSceneManifest_Generation = YES;
				INFOPLIST_KEY_UIApplicationSupportsIndirectInputEvents = YES;
				INFOPLIST_KEY_UILaunchScreen_Generation = YES;
				INFOPLIST_KEY_UISupportedInterfaceOrientations_iPad = "UIInterfaceOrientationPortrait UIInterfaceOrientationPortraitUpsideDown UIInterfaceOrientationLandscapeLeft UIInterfaceOrientationLandscapeRight";
				INFOPLIST_KEY_UISupportedInterfaceOrientations_iPhone = "UIInterfaceOrientationPortrait UIInterfaceOrientationLandscapeLeft UIInterfaceOrientationLandscapeRight";
				LD_RUNPATH_SEARCH_PATHS = (
					"$(inherited)",
					"@executable_path/Frameworks",
				);
				MARKETING_VERSION = 1.0;
				PRODUCT_BUNDLE_IDENTIFIER = "com.e-weapon";
				PRODUCT_NAME = "$(TARGET_NAME)";
				SWIFT_EMIT_LOC_STRINGS = YES;
				SWIFT_VERSION = 5.0;
				TARGETED_DEVICE_FAMILY = "1,2";
			};
			name = Release;
		};
/* End XCBuildConfiguration section */

/* Begin XCConfigurationList section */
		7EF07C542A27C87600C5495D /* Build configuration list for PBXProject "e-weapon" */ = {
			isa = XCConfigurationList;
			buildConfigurations = (
				7EF07C652A27C87B00C5495D /* Debug */,
				7EF07C662A27C87B00C5495D /* Release */,
			);
			defaultConfigurationIsVisible = 0;
			defaultConfigurationName = Release;
		};
		7EF07C672A27C87B00C5495D /* Build configuration list for PBXNativeTarget "e-weapon" */ = {
			isa = XCConfigurationList;
			buildConfigurations = (
				7EF07C682A27C87B00C5495D /* Debug */,
				7EF07C692A27C87B00C5495D /* Release */,
			);
			defaultConfigurationIsVisible = 0;
			defaultConfigurationName = Release;
		};
/* End XCConfigurationList section */

/* Begin XCRemoteSwiftPackageReference section */
		7E03E4932A3CE97200AF1735 /* XCRemoteSwiftPackageReference "lottie-spm" */ = {
			isa = XCRemoteSwiftPackageReference;
			repositoryURL = "https://github.com/airbnb/lottie-spm.git";
			requirement = {
				kind = upToNextMajorVersion;
				minimumVersion = 4.0.0;
			};
		};
		7EF07C722A36FE7400C5495D /* XCRemoteSwiftPackageReference "realm-cocoa" */ = {
			isa = XCRemoteSwiftPackageReference;
			repositoryURL = "https://github.com/realm/realm-cocoa";
			requirement = {
				branch = master;
				kind = branch;
			};
		};
/* End XCRemoteSwiftPackageReference section */

/* Begin XCSwiftPackageProductDependency section */
		7E03E4942A3CE97200AF1735 /* Lottie */ = {
			isa = XCSwiftPackageProductDependency;
			package = 7E03E4932A3CE97200AF1735 /* XCRemoteSwiftPackageReference "lottie-spm" */;
			productName = Lottie;
		};
		7EF07C732A36FE7400C5495D /* Realm */ = {
			isa = XCSwiftPackageProductDependency;
			package = 7EF07C722A36FE7400C5495D /* XCRemoteSwiftPackageReference "realm-cocoa" */;
			productName = Realm;
		};
		7EF07C752A36FE7400C5495D /* RealmSwift */ = {
			isa = XCSwiftPackageProductDependency;
			package = 7EF07C722A36FE7400C5495D /* XCRemoteSwiftPackageReference "realm-cocoa" */;
			productName = RealmSwift;
		};
/* End XCSwiftPackageProductDependency section */
	};
	rootObject = 7EF07C512A27C87600C5495D /* Project object */;
}
